Microsoft Visual Studio Solution File, Format Version 12.00
# Visual Studio Version 17
VisualStudioVersion = 17.0.31611.283
MinimumVisualStudioVersion = 10.0.40219.1
Project("{9A19103F-16F7-4668-BE54-9A1E7A4F7556}") = "MauiApp1", "MauiApp1\MauiApp1.csproj", "{129FE5D0-0F65-4F3B-BCE1-5B37C9602CE8}"
EndProject
Global
	GlobalSection(SolutionConfigurationPlatforms) = preSolution
		Debug|Any CPU = Debug|Any CPU
		Release|Any CPU = Release|Any CPU
	EndGlobalSection
	GlobalSection(ProjectConfigurationPlatforms) = postSolution
		{129FE5D0-0F65-4F3B-BCE1-5B37C9602CE8}.Debug|Any CPU.ActiveCfg = Debug|Any CPU
		{129FE5D0-0F65-4F3B-BCE1-5B37C9602CE8}.Debug|Any CPU.Build.0 = Debug|Any CPU
		{129FE5D0-0F65-4F3B-BCE1-5B37C9602CE8}.Debug|Any CPU.Deploy.0 = Debug|Any CPU
		{129FE5D0-0F65-4F3B-BCE1-5B37C9602CE8}.Release|Any CPU.ActiveCfg = Release|Any CPU
		{129FE5D0-0F65-4F3B-BCE1-5B37C9602CE8}.Release|Any CPU.Build.0 = Release|Any CPU
		{129FE5D0-0F65-4F3B-BCE1-5B37C9602CE8}.Release|Any CPU.Deploy.0 = Release|Any CPU
	EndGlobalSection
	GlobalSection(SolutionProperties) = preSolution
		HideSolutionNode = FALSE
	EndGlobalSection
	GlobalSection(ExtensibilityGlobals) = postSolution
		        SolutionGuid = {61F7FB11-1E47-470C-91E2-47F8143E1572}
		SolutionGuid = {6CA769C4-984A-44E0-8747-A5F002D437ED}
	EndGlobalSection
EndGlobal
